
Microsoft Visual Studio Solution File, Format Version 12.00
# Visual Studio Version 16
VisualStudioVersion = 16.0.810.2
MinimumVisualStudioVersion = 10.0.40219.1
Project("{FAE04EC0-301F-11D3-BF4B-00C04F79EFBC}") = "data-mapping-tool.Server", "data-mapping-tool\Server\data-mapping-tool.Server.csproj", "{BDE9CC99-C411-4C60-B567-DB78458E6E9E}"
EndProject
Project("{FAE04EC0-301F-11D3-BF4B-00C04F79EFBC}") = "data-mapping-tool.Client", "data-mapping-tool\Client\data-mapping-tool.Client.csproj", "{52C67CB6-62BA-47F7-BE73-41A92F2D5E2B}"
EndProject
Project("{FAE04EC0-301F-11D3-BF4B-00C04F79EFBC}") = "data-mapping-tool.Shared", "data-mapping-tool\Shared\data-mapping-tool.Shared.csproj", "{259E1EF6-4ACA-412D-9414-4F907BCF168D}"
EndProject
Global
	GlobalSection(SolutionConfigurationPlatforms) = preSolution
		Debug|Any CPU = Debug|Any CPU
		Release|Any CPU = Release|Any CPU
	EndGlobalSection
	GlobalSection(ProjectConfigurationPlatforms) = postSolution
		{BDE9CC99-C411-4C60-B567-DB78458E6E9E}.Debug|Any CPU.ActiveCfg = Debug|Any CPU
		{BDE9CC99-C411-4C60-B567-DB78458E6E9E}.Debug|Any CPU.Build.0 = Debug|Any CPU
		{BDE9CC99-C411-4C60-B567-DB78458E6E9E}.Release|Any CPU.ActiveCfg = Release|Any CPU
		{BDE9CC99-C411-4C60-B567-DB78458E6E9E}.Release|Any CPU.Build.0 = Release|Any CPU
		{52C67CB6-62BA-47F7-BE73-41A92F2D5E2B}.Debug|Any CPU.ActiveCfg = Debug|Any CPU
		{52C67CB6-62BA-47F7-BE73-41A92F2D5E2B}.Debug|Any CPU.Build.0 = Debug|Any CPU
		{52C67CB6-62BA-47F7-BE73-41A92F2D5E2B}.Release|Any CPU.ActiveCfg = Release|Any CPU
		{52C67CB6-62BA-47F7-BE73-41A92F2D5E2B}.Release|Any CPU.Build.0 = Release|Any CPU
		{259E1EF6-4ACA-412D-9414-4F907BCF168D}.Debug|Any CPU.ActiveCfg = Debug|Any CPU
		{259E1EF6-4ACA-412D-9414-4F907BCF168D}.Debug|Any CPU.Build.0 = Debug|Any CPU
		{259E1EF6-4ACA-412D-9414-4F907BCF168D}.Release|Any CPU.ActiveCfg = Release|Any CPU
		{259E1EF6-4ACA-412D-9414-4F907BCF168D}.Release|Any CPU.Build.0 = Release|Any CPU
	EndGlobalSection
	GlobalSection(SolutionProperties) = preSolution
		HideSolutionNode = FALSE
	EndGlobalSection
	GlobalSection(ExtensibilityGlobals) = postSolution
		SolutionGuid = {90A34695-72D8-4397-B735-9393BB5212B0}
	EndGlobalSection
EndGlobal
